
Microsoft Visual Studio Solution File, Format Version 12.00
# Visual Studio Version 17
VisualStudioVersion = 17.8.34316.72
MinimumVisualStudioVersion = 10.0.40219.1
Project("{FAE04EC0-301F-11D3-BF4B-00C04F79EFBC}") = "LoteriaProyecto", "LoteriaProyecto\LoteriaProyecto.csproj", "{C61982EF-1DA3-4F4C-B944-820B00D7F571}"
EndProject
Global
	GlobalSection(SolutionConfigurationPlatforms) = preSolution
		Debug|Any CPU = Debug|Any CPU
		Release|Any CPU = Release|Any CPU
	EndGlobalSection
	GlobalSection(ProjectConfigurationPlatforms) = postSolution
		{C61982EF-1DA3-4F4C-B944-820B00D7F571}.Debug|Any CPU.ActiveCfg = Debug|Any CPU
		{C61982EF-1DA3-4F4C-B944-820B00D7F571}.Debug|Any CPU.Build.0 = Debug|Any CPU
		{C61982EF-1DA3-4F4C-B944-820B00D7F571}.Release|Any CPU.ActiveCfg = Release|Any CPU
		{C61982EF-1DA3-4F4C-B944-820B00D7F571}.Release|Any CPU.Build.0 = Release|Any CPU
	EndGlobalSection
	GlobalSection(SolutionProperties) = preSolution
		HideSolutionNode = FALSE
	EndGlobalSection
	GlobalSection(ExtensibilityGlobals) = postSolution
		SolutionGuid = {3567A13D-3F67-43BD-908D-DC223F5B1A86}
	EndGlobalSection
EndGlobal
